# ray.lock — locked versions and hashes of the dependencies (generated by 'ray').
# Committed to the repository. Do not edit by hand.

[net]
url = "https://github.com/ray-language/net"
ref = "v0.2.0"
commit = "67a7cb128f2812b0bfe29fe747639eb3e4319151"
hash = "sha256:9baeefece8f75db8a45637a41aa0bdfcf7fae9886249b6027b3aea2ea8dc0ccd"

[web]
url = "https://github.com/ray-language/web"
ref = "v0.2.0"
commit = "7e7984e410523463cb5c850cd097fd72abad132f"
hash = "sha256:0f78b0b7eb434b9a94286f857f3c690af270edfaaa4b15cabe1f10b84232f180"
