// !$*UTF8*$!
{
	archiveVersion = 1;
	classes = {
	};
	objectVersion = 56;
	objects = {
		0000000000000000000000B1 /* main.m in Sources */ = {isa = PBXBuildFile; fileRef = 0000000000000000000000F1 /* main.m */; };
		0000000000000000000000B2 /* AppDelegate.m in Sources */ = {isa = PBXBuildFile; fileRef = 0000000000000000000000F3 /* AppDelegate.m */; };
		0000000000000000000000B3 /* SceneDelegate.m in Sources */ = {isa = PBXBuildFile; fileRef = 0000000000000000000000F8 /* SceneDelegate.m */; };
		0000000000000000000000F1 /* main.m */ = {isa = PBXFileReference; lastKnownFileType = sourcecode.c.objc; path = main.m; sourceTree = "<group>"; };
		0000000000000000000000F2 /* AppDelegate.h */ = {isa = PBXFileReference; lastKnownFileType = sourcecode.c.h; path = AppDelegate.h; sourceTree = "<group>"; };
		0000000000000000000000F3 /* AppDelegate.m */ = {isa = PBXFileReference; lastKnownFileType = sourcecode.c.objc; path = AppDelegate.m; sourceTree = "<group>"; };
		0000000000000000000000F4 /* Info.plist */ = {isa = PBXFileReference; lastKnownFileType = text.plist.xml; path = Info.plist; sourceTree = "<group>"; };
		0000000000000000000000F7 /* SceneDelegate.h */ = {isa = PBXFileReference; lastKnownFileType = sourcecode.c.h; path = SceneDelegate.h; sourceTree = "<group>"; };
		0000000000000000000000F8 /* SceneDelegate.m */ = {isa = PBXFileReference; lastKnownFileType = sourcecode.c.objc; path = SceneDelegate.m; sourceTree = "<group>"; };
		0000000000000000000000F5 /* App.xcconfig */ = {isa = PBXFileReference; lastKnownFileType = text.xcconfig; path = App.xcconfig; sourceTree = "<group>"; };
		0000000000000000000000F6 /* raydesk.app */ = {isa = PBXFileReference; explicitFileType = wrapper.application; includeInIndex = 0; path = "raydesk.app"; sourceTree = BUILT_PRODUCTS_DIR; };
		0000000000000000000000E1 /* Frameworks */ = {isa = PBXFrameworksBuildPhase; buildActionMask = 2147483647; files = (); runOnlyForDeploymentPostprocessing = 0; };
		0000000000000000000000E2 /* Sources */ = {isa = PBXSourcesBuildPhase; buildActionMask = 2147483647; files = (0000000000000000000000B1, 0000000000000000000000B2, 0000000000000000000000B3); runOnlyForDeploymentPostprocessing = 0; };
		0000000000000000000000A1 /* Shell */ = {isa = PBXGroup; children = (0000000000000000000000F1, 0000000000000000000000F2, 0000000000000000000000F3, 0000000000000000000000F7, 0000000000000000000000F8, 0000000000000000000000F4); path = Shell; sourceTree = "<group>"; };
		0000000000000000000000A2 /* Products */ = {isa = PBXGroup; children = (0000000000000000000000F6); name = Products; sourceTree = "<group>"; };
		0000000000000000000000A3 = {isa = PBXGroup; children = (0000000000000000000000A1, 0000000000000000000000F5, 0000000000000000000000A2); sourceTree = "<group>"; };
		0000000000000000000000D1 /* raydesk */ = {isa = PBXNativeTarget; buildConfigurationList = 0000000000000000000000C3; buildPhases = (0000000000000000000000E2, 0000000000000000000000E1); buildRules = (); dependencies = (); name = "raydesk"; productName = "raydesk"; productReference = 0000000000000000000000F6; productType = "com.apple.product-type.application"; };
		0000000000000000000000D2 /* Project */ = {isa = PBXProject; attributes = { LastUpgradeCheck = 1500; }; buildConfigurationList = 0000000000000000000000C4; compatibilityVersion = "Xcode 14.0"; developmentRegion = en; hasScannedForEncodings = 0; knownRegions = (en, Base); mainGroup = 0000000000000000000000A3; productRefGroup = 0000000000000000000000A2; projectDirPath = ""; projectRoot = ""; targets = (0000000000000000000000D1); };
		0000000000000000000000C1 /* Debug */ = {isa = XCBuildConfiguration; baseConfigurationReference = 0000000000000000000000F5; buildSettings = { ONLY_ACTIVE_ARCH = YES; DEBUG_INFORMATION_FORMAT = dwarf; }; name = Debug; };
		0000000000000000000000C2 /* Release */ = {isa = XCBuildConfiguration; baseConfigurationReference = 0000000000000000000000F5; buildSettings = { }; name = Release; };
		0000000000000000000000C5 /* Debug */ = {isa = XCBuildConfiguration; baseConfigurationReference = 0000000000000000000000F5; buildSettings = { PRODUCT_NAME = "$(TARGET_NAME)"; }; name = Debug; };
		0000000000000000000000C6 /* Release */ = {isa = XCBuildConfiguration; baseConfigurationReference = 0000000000000000000000F5; buildSettings = { PRODUCT_NAME = "$(TARGET_NAME)"; }; name = Release; };
		0000000000000000000000C3 /* target configs */ = {isa = XCConfigurationList; buildConfigurations = (0000000000000000000000C5, 0000000000000000000000C6); defaultConfigurationIsVisible = 0; defaultConfigurationName = Release; };
		0000000000000000000000C4 /* project configs */ = {isa = XCConfigurationList; buildConfigurations = (0000000000000000000000C1, 0000000000000000000000C2); defaultConfigurationIsVisible = 0; defaultConfigurationName = Release; };
	};
	rootObject = 0000000000000000000000D2 /* Project */;
}
